
Microsoft Visual Studio Solution File, Format Version 12.00
# Visual Studio Version 17
VisualStudioVersion = 17.0.31903.59
MinimumVisualStudioVersion = 10.0.40219.1
Project("{2150E333-8FDC-42A3-9474-1A3956D46DE8}") = "src", "src", "{827E0CD3-B72D-47B6-A68D-7590B98EB39B}"
EndProject
Project("{FAE04EC0-301F-11D3-BF4B-00C04F79EFBC}") = "MACHTEN.Domain", "src\MACHTEN.Domain\MACHTEN.Domain.csproj", "{9329EF5F-EF2C-4A18-8041-32F26E09FC7B}"
EndProject
Project("{FAE04EC0-301F-11D3-BF4B-00C04F79EFBC}") = "MACHTEN.Application", "src\MACHTEN.Application\MACHTEN.Application.csproj", "{31B837AB-DE2B-4F42-B4AA-46454AD0034D}"
EndProject
Project("{FAE04EC0-301F-11D3-BF4B-00C04F79EFBC}") = "MACHTEN.Infrastructure", "src\MACHTEN.Infrastructure\MACHTEN.Infrastructure.csproj", "{6D9BB1EF-67E1-49FA-927B-A89D0A48CF31}"
EndProject
Project("{FAE04EC0-301F-11D3-BF4B-00C04F79EFBC}") = "MACHTEN.Api", "src\MACHTEN.Api\MACHTEN.Api.csproj", "{DB92810A-AD8D-41A8-BB93-313CE6903B98}"
EndProject
Project("{2150E333-8FDC-42A3-9474-1A3956D46DE8}") = "tests", "tests", "{0AB3BF05-4346-4AA6-1389-037BE0695223}"
EndProject
Project("{FAE04EC0-301F-11D3-BF4B-00C04F79EFBC}") = "MACHTEN.Domain.Tests", "tests\MACHTEN.Domain.Tests\MACHTEN.Domain.Tests.csproj", "{6A41E36F-ED61-446B-8352-581B4AD88FCC}"
EndProject
Project("{FAE04EC0-301F-11D3-BF4B-00C04F79EFBC}") = "MACHTEN.Application.Tests", "tests\MACHTEN.Application.Tests\MACHTEN.Application.Tests.csproj", "{3892F9D8-EF0B-4F56-ABC3-B48B16B83B58}"
EndProject
Project("{FAE04EC0-301F-11D3-BF4B-00C04F79EFBC}") = "MACHTEN.Api.IntegrationTests", "tests\MACHTEN.Api.IntegrationTests\MACHTEN.Api.IntegrationTests.csproj", "{C5118C24-F16E-43C5-A90D-9A3DFED64AE0}"
EndProject
Project("{FAE04EC0-301F-11D3-BF4B-00C04F79EFBC}") = "MACHTEN.ArchitectureTests", "tests\MACHTEN.ArchitectureTests\MACHTEN.ArchitectureTests.csproj", "{613A66AA-A2BA-4096-9F25-924986C76BB5}"
EndProject
Global
	GlobalSection(SolutionConfigurationPlatforms) = preSolution
		Debug|Any CPU = Debug|Any CPU
		Debug|x64 = Debug|x64
		Debug|x86 = Debug|x86
		Release|Any CPU = Release|Any CPU
		Release|x64 = Release|x64
		Release|x86 = Release|x86
	EndGlobalSection
	GlobalSection(ProjectConfigurationPlatforms) = postSolution
		{9329EF5F-EF2C-4A18-8041-32F26E09FC7B}.Debug|Any CPU.ActiveCfg = Debug|Any CPU
		{9329EF5F-EF2C-4A18-8041-32F26E09FC7B}.Debug|Any CPU.Build.0 = Debug|Any CPU
		{9329EF5F-EF2C-4A18-8041-32F26E09FC7B}.Debug|x64.ActiveCfg = Debug|Any CPU
		{9329EF5F-EF2C-4A18-8041-32F26E09FC7B}.Debug|x64.Build.0 = Debug|Any CPU
		{9329EF5F-EF2C-4A18-8041-32F26E09FC7B}.Debug|x86.ActiveCfg = Debug|Any CPU
		{9329EF5F-EF2C-4A18-8041-32F26E09FC7B}.Debug|x86.Build.0 = Debug|Any CPU
		{9329EF5F-EF2C-4A18-8041-32F26E09FC7B}.Release|Any CPU.ActiveCfg = Release|Any CPU
		{9329EF5F-EF2C-4A18-8041-32F26E09FC7B}.Release|Any CPU.Build.0 = Release|Any CPU
		{9329EF5F-EF2C-4A18-8041-32F26E09FC7B}.Release|x64.ActiveCfg = Release|Any CPU
		{9329EF5F-EF2C-4A18-8041-32F26E09FC7B}.Release|x64.Build.0 = Release|Any CPU
		{9329EF5F-EF2C-4A18-8041-32F26E09FC7B}.Release|x86.ActiveCfg = Release|Any CPU
		{9329EF5F-EF2C-4A18-8041-32F26E09FC7B}.Release|x86.Build.0 = Release|Any CPU
		{31B837AB-DE2B-4F42-B4AA-46454AD0034D}.Debug|Any CPU.ActiveCfg = Debug|Any CPU
		{31B837AB-DE2B-4F42-B4AA-46454AD0034D}.Debug|Any CPU.Build.0 = Debug|Any CPU
		{31B837AB-DE2B-4F42-B4AA-46454AD0034D}.Debug|x64.ActiveCfg = Debug|Any CPU
		{31B837AB-DE2B-4F42-B4AA-46454AD0034D}.Debug|x64.Build.0 = Debug|Any CPU
		{31B837AB-DE2B-4F42-B4AA-46454AD0034D}.Debug|x86.ActiveCfg = Debug|Any CPU
		{31B837AB-DE2B-4F42-B4AA-46454AD0034D}.Debug|x86.Build.0 = Debug|Any CPU
		{31B837AB-DE2B-4F42-B4AA-46454AD0034D}.Release|Any CPU.ActiveCfg = Release|Any CPU
		{31B837AB-DE2B-4F42-B4AA-46454AD0034D}.Release|Any CPU.Build.0 = Release|Any CPU
		{31B837AB-DE2B-4F42-B4AA-46454AD0034D}.Release|x64.ActiveCfg = Release|Any CPU
		{31B837AB-DE2B-4F42-B4AA-46454AD0034D}.Release|x64.Build.0 = Release|Any CPU
		{31B837AB-DE2B-4F42-B4AA-46454AD0034D}.Release|x86.ActiveCfg = Release|Any CPU
		{31B837AB-DE2B-4F42-B4AA-46454AD0034D}.Release|x86.Build.0 = Release|Any CPU
		{6D9BB1EF-67E1-49FA-927B-A89D0A48CF31}.Debug|Any CPU.ActiveCfg = Debug|Any CPU
		{6D9BB1EF-67E1-49FA-927B-A89D0A48CF31}.Debug|Any CPU.Build.0 = Debug|Any CPU
		{6D9BB1EF-67E1-49FA-927B-A89D0A48CF31}.Debug|x64.ActiveCfg = Debug|Any CPU
		{6D9BB1EF-67E1-49FA-927B-A89D0A48CF31}.Debug|x64.Build.0 = Debug|Any CPU
		{6D9BB1EF-67E1-49FA-927B-A89D0A48CF31}.Debug|x86.ActiveCfg = Debug|Any CPU
		{6D9BB1EF-67E1-49FA-927B-A89D0A48CF31}.Debug|x86.Build.0 = Debug|Any CPU
		{6D9BB1EF-67E1-49FA-927B-A89D0A48CF31}.Release|Any CPU.ActiveCfg = Release|Any CPU
		{6D9BB1EF-67E1-49FA-927B-A89D0A48CF31}.Release|Any CPU.Build.0 = Release|Any CPU
		{6D9BB1EF-67E1-49FA-927B-A89D0A48CF31}.Release|x64.ActiveCfg = Release|Any CPU
		{6D9BB1EF-67E1-49FA-927B-A89D0A48CF31}.Release|x64.Build.0 = Release|Any CPU
		{6D9BB1EF-67E1-49FA-927B-A89D0A48CF31}.Release|x86.ActiveCfg = Release|Any CPU
		{6D9BB1EF-67E1-49FA-927B-A89D0A48CF31}.Release|x86.Build.0 = Release|Any CPU
		{DB92810A-AD8D-41A8-BB93-313CE6903B98}.Debug|Any CPU.ActiveCfg = Debug|Any CPU
		{DB92810A-AD8D-41A8-BB93-313CE6903B98}.Debug|Any CPU.Build.0 = Debug|Any CPU
		{DB92810A-AD8D-41A8-BB93-313CE6903B98}.Debug|x64.ActiveCfg = Debug|Any CPU
		{DB92810A-AD8D-41A8-BB93-313CE6903B98}.Debug|x64.Build.0 = Debug|Any CPU
		{DB92810A-AD8D-41A8-BB93-313CE6903B98}.Debug|x86.ActiveCfg = Debug|Any CPU
		{DB92810A-AD8D-41A8-BB93-313CE6903B98}.Debug|x86.Build.0 = Debug|Any CPU
		{DB92810A-AD8D-41A8-BB93-313CE6903B98}.Release|Any CPU.ActiveCfg = Release|Any CPU
		{DB92810A-AD8D-41A8-BB93-313CE6903B98}.Release|Any CPU.Build.0 = Release|Any CPU
		{DB92810A-AD8D-41A8-BB93-313CE6903B98}.Release|x64.ActiveCfg = Release|Any CPU
		{DB92810A-AD8D-41A8-BB93-313CE6903B98}.Release|x64.Build.0 = Release|Any CPU
		{DB92810A-AD8D-41A8-BB93-313CE6903B98}.Release|x86.ActiveCfg = Release|Any CPU
		{DB92810A-AD8D-41A8-BB93-313CE6903B98}.Release|x86.Build.0 = Release|Any CPU
		{6A41E36F-ED61-446B-8352-581B4AD88FCC}.Debug|Any CPU.ActiveCfg = Debug|Any CPU
		{6A41E36F-ED61-446B-8352-581B4AD88FCC}.Debug|Any CPU.Build.0 = Debug|Any CPU
		{6A41E36F-ED61-446B-8352-581B4AD88FCC}.Debug|x64.ActiveCfg = Debug|Any CPU
		{6A41E36F-ED61-446B-8352-581B4AD88FCC}.Debug|x64.Build.0 = Debug|Any CPU
		{6A41E36F-ED61-446B-8352-581B4AD88FCC}.Debug|x86.ActiveCfg = Debug|Any CPU
		{6A41E36F-ED61-446B-8352-581B4AD88FCC}.Debug|x86.Build.0 = Debug|Any CPU
		{6A41E36F-ED61-446B-8352-581B4AD88FCC}.Release|Any CPU.ActiveCfg = Release|Any CPU
		{6A41E36F-ED61-446B-8352-581B4AD88FCC}.Release|Any CPU.Build.0 = Release|Any CPU
		{6A41E36F-ED61-446B-8352-581B4AD88FCC}.Release|x64.ActiveCfg = Release|Any CPU
		{6A41E36F-ED61-446B-8352-581B4AD88FCC}.Release|x64.Build.0 = Release|Any CPU
		{6A41E36F-ED61-446B-8352-581B4AD88FCC}.Release|x86.ActiveCfg = Release|Any CPU
		{6A41E36F-ED61-446B-8352-581B4AD88FCC}.Release|x86.Build.0 = Release|Any CPU
		{3892F9D8-EF0B-4F56-ABC3-B48B16B83B58}.Debug|Any CPU.ActiveCfg = Debug|Any CPU
		{3892F9D8-EF0B-4F56-ABC3-B48B16B83B58}.Debug|Any CPU.Build.0 = Debug|Any CPU
		{3892F9D8-EF0B-4F56-ABC3-B48B16B83B58}.Debug|x64.ActiveCfg = Debug|Any CPU
		{3892F9D8-EF0B-4F56-ABC3-B48B16B83B58}.Debug|x64.Build.0 = Debug|Any CPU
		{3892F9D8-EF0B-4F56-ABC3-B48B16B83B58}.Debug|x86.ActiveCfg = Debug|Any CPU
		{3892F9D8-EF0B-4F56-ABC3-B48B16B83B58}.Debug|x86.Build.0 = Debug|Any CPU
		{3892F9D8-EF0B-4F56-ABC3-B48B16B83B58}.Release|Any CPU.ActiveCfg = Release|Any CPU
		{3892F9D8-EF0B-4F56-ABC3-B48B16B83B58}.Release|Any CPU.Build.0 = Release|Any CPU
		{3892F9D8-EF0B-4F56-ABC3-B48B16B83B58}.Release|x64.ActiveCfg = Release|Any CPU
		{3892F9D8-EF0B-4F56-ABC3-B48B16B83B58}.Release|x64.Build.0 = Release|Any CPU
		{3892F9D8-EF0B-4F56-ABC3-B48B16B83B58}.Release|x86.ActiveCfg = Release|Any CPU
		{3892F9D8-EF0B-4F56-ABC3-B48B16B83B58}.Release|x86.Build.0 = Release|Any CPU
		{C5118C24-F16E-43C5-A90D-9A3DFED64AE0}.Debug|Any CPU.ActiveCfg = Debug|Any CPU
		{C5118C24-F16E-43C5-A90D-9A3DFED64AE0}.Debug|Any CPU.Build.0 = Debug|Any CPU
		{C5118C24-F16E-43C5-A90D-9A3DFED64AE0}.Debug|x64.ActiveCfg = Debug|Any CPU
		{C5118C24-F16E-43C5-A90D-9A3DFED64AE0}.Debug|x64.Build.0 = Debug|Any CPU
		{C5118C24-F16E-43C5-A90D-9A3DFED64AE0}.Debug|x86.ActiveCfg = Debug|Any CPU
		{C5118C24-F16E-43C5-A90D-9A3DFED64AE0}.Debug|x86.Build.0 = Debug|Any CPU
		{C5118C24-F16E-43C5-A90D-9A3DFED64AE0}.Release|Any CPU.ActiveCfg = Release|Any CPU
		{C5118C24-F16E-43C5-A90D-9A3DFED64AE0}.Release|Any CPU.Build.0 = Release|Any CPU
		{C5118C24-F16E-43C5-A90D-9A3DFED64AE0}.Release|x64.ActiveCfg = Release|Any CPU
		{C5118C24-F16E-43C5-A90D-9A3DFED64AE0}.Release|x64.Build.0 = Release|Any CPU
		{C5118C24-F16E-43C5-A90D-9A3DFED64AE0}.Release|x86.ActiveCfg = Release|Any CPU
		{C5118C24-F16E-43C5-A90D-9A3DFED64AE0}.Release|x86.Build.0 = Release|Any CPU
		{613A66AA-A2BA-4096-9F25-924986C76BB5}.Debug|Any CPU.ActiveCfg = Debug|Any CPU
		{613A66AA-A2BA-4096-9F25-924986C76BB5}.Debug|Any CPU.Build.0 = Debug|Any CPU
		{613A66AA-A2BA-4096-9F25-924986C76BB5}.Debug|x64.ActiveCfg = Debug|Any CPU
		{613A66AA-A2BA-4096-9F25-924986C76BB5}.Debug|x64.Build.0 = Debug|Any CPU
		{613A66AA-A2BA-4096-9F25-924986C76BB5}.Debug|x86.ActiveCfg = Debug|Any CPU
		{613A66AA-A2BA-4096-9F25-924986C76BB5}.Debug|x86.Build.0 = Debug|Any CPU
		{613A66AA-A2BA-4096-9F25-924986C76BB5}.Release|Any CPU.ActiveCfg = Release|Any CPU
		{613A66AA-A2BA-4096-9F25-924986C76BB5}.Release|Any CPU.Build.0 = Release|Any CPU
		{613A66AA-A2BA-4096-9F25-924986C76BB5}.Release|x64.ActiveCfg = Release|Any CPU
		{613A66AA-A2BA-4096-9F25-924986C76BB5}.Release|x64.Build.0 = Release|Any CPU
		{613A66AA-A2BA-4096-9F25-924986C76BB5}.Release|x86.ActiveCfg = Release|Any CPU
		{613A66AA-A2BA-4096-9F25-924986C76BB5}.Release|x86.Build.0 = Release|Any CPU
	EndGlobalSection
	GlobalSection(SolutionProperties) = preSolution
		HideSolutionNode = FALSE
	EndGlobalSection
	GlobalSection(NestedProjects) = preSolution
		{9329EF5F-EF2C-4A18-8041-32F26E09FC7B} = {827E0CD3-B72D-47B6-A68D-7590B98EB39B}
		{31B837AB-DE2B-4F42-B4AA-46454AD0034D} = {827E0CD3-B72D-47B6-A68D-7590B98EB39B}
		{6D9BB1EF-67E1-49FA-927B-A89D0A48CF31} = {827E0CD3-B72D-47B6-A68D-7590B98EB39B}
		{DB92810A-AD8D-41A8-BB93-313CE6903B98} = {827E0CD3-B72D-47B6-A68D-7590B98EB39B}
		{6A41E36F-ED61-446B-8352-581B4AD88FCC} = {0AB3BF05-4346-4AA6-1389-037BE0695223}
		{3892F9D8-EF0B-4F56-ABC3-B48B16B83B58} = {0AB3BF05-4346-4AA6-1389-037BE0695223}
		{C5118C24-F16E-43C5-A90D-9A3DFED64AE0} = {0AB3BF05-4346-4AA6-1389-037BE0695223}
		{613A66AA-A2BA-4096-9F25-924986C76BB5} = {0AB3BF05-4346-4AA6-1389-037BE0695223}
	EndGlobalSection
EndGlobal
